Microsoft Visual Studio Solution File, Format Version 12.00
# Visual Studio Version 17
VisualStudioVersion = 17.5.2.0
MinimumVisualStudioVersion = 10.0.40219.1
Project("{FAE04EC0-301F-11D3-BF4B-00C04F79EFBC}") = "Find the first number in the sequence that doesn't repeat", "Find the first number in the sequence that doesn't repeat.csproj", "{D718080B-DB0B-B3C7-74C6-0D7FAF823D9D}"
EndProject
Global
	GlobalSection(SolutionConfigurationPlatforms) = preSolution
		Debug|Any CPU = Debug|Any CPU
		Release|Any CPU = Release|Any CPU
	EndGlobalSection
	GlobalSection(ProjectConfigurationPlatforms) = postSolution
		{D718080B-DB0B-B3C7-74C6-0D7FAF823D9D}.Debug|Any CPU.ActiveCfg = Debug|Any CPU
		{D718080B-DB0B-B3C7-74C6-0D7FAF823D9D}.Debug|Any CPU.Build.0 = Debug|Any CPU
		{D718080B-DB0B-B3C7-74C6-0D7FAF823D9D}.Release|Any CPU.ActiveCfg = Release|Any CPU
		{D718080B-DB0B-B3C7-74C6-0D7FAF823D9D}.Release|Any CPU.Build.0 = Release|Any CPU
	EndGlobalSection
	GlobalSection(SolutionProperties) = preSolution
		HideSolutionNode = FALSE
	EndGlobalSection
	GlobalSection(ExtensibilityGlobals) = postSolution
		SolutionGuid = {DF154E7E-315C-4491-9424-EA5D909D56AA}
	EndGlobalSection
EndGlobal
