Microsoft Visual Studio Solution File, Format Version 12.00
# Visual Studio Version 17
VisualStudioVersion = 17.5.2.0
MinimumVisualStudioVersion = 10.0.40219.1
Project("{FAE04EC0-301F-11D3-BF4B-00C04F79EFBC}") = "non-repeating number", "non-repeating number.csproj", "{9ED45817-C7C3-7801-78F8-42FF8514CC53}"
EndProject
Global
	GlobalSection(SolutionConfigurationPlatforms) = preSolution
		Debug|Any CPU = Debug|Any CPU
		Release|Any CPU = Release|Any CPU
	EndGlobalSection
	GlobalSection(ProjectConfigurationPlatforms) = postSolution
		{9ED45817-C7C3-7801-78F8-42FF8514CC53}.Debug|Any CPU.ActiveCfg = Debug|Any CPU
		{9ED45817-C7C3-7801-78F8-42FF8514CC53}.Debug|Any CPU.Build.0 = Debug|Any CPU
		{9ED45817-C7C3-7801-78F8-42FF8514CC53}.Release|Any CPU.ActiveCfg = Release|Any CPU
		{9ED45817-C7C3-7801-78F8-42FF8514CC53}.Release|Any CPU.Build.0 = Release|Any CPU
	EndGlobalSection
	GlobalSection(SolutionProperties) = preSolution
		HideSolutionNode = FALSE
	EndGlobalSection
	GlobalSection(ExtensibilityGlobals) = postSolution
		SolutionGuid = {139CE934-33EF-43A9-B5FA-A91C8D662A21}
	EndGlobalSection
EndGlobal
